
Microsoft Visual Studio Solution File, Format Version 12.00
Project("{FAE04EC0-301F-11D3-BF4B-00C04F79EFBC}") = "SerilogFromLibPoc", "SerilogFromLibPoc\SerilogFromLibPoc.csproj", "{976352FB-7560-4435-B55A-EF90A3853982}"
EndProject
Project("{FAE04EC0-301F-11D3-BF4B-00C04F79EFBC}") = "LibWithLogging", "LibWithLogging\LibWithLogging.csproj", "{3A280BA1-7FCA-4A87-8F18-6F35BA928023}"
EndProject
Project("{FAE04EC0-301F-11D3-BF4B-00C04F79EFBC}") = "LibWithLoggingTurnedOff", "LibWithLoggingTurnedOff\LibWithLoggingTurnedOff.csproj", "{18FCEF95-6DA2-4B68-80C5-039BBEB6548F}"
EndProject
Project("{FAE04EC0-301F-11D3-BF4B-00C04F79EFBC}") = "PartialLog.Off", "PartialLog.Off\PartialLog.Off.csproj", "{171197DB-C16E-4681-9E56-21700FE5DC2C}"
EndProject
Project("{FAE04EC0-301F-11D3-BF4B-00C04F79EFBC}") = "PartialLog.On", "PartialLog.On\PartialLog.On.csproj", "{8F9AD2D6-66E7-4394-8A72-95A082010CA6}"
EndProject
Project("{FAE04EC0-301F-11D3-BF4B-00C04F79EFBC}") = "PartialLog.Off.Sub", "PartialLog.Off.Sub\PartialLog.Off.Sub.csproj", "{1260CD37-A361-4A3C-99A6-E3377D728F0E}"
EndProject
Global
	GlobalSection(SolutionConfigurationPlatforms) = preSolution
		Debug|Any CPU = Debug|Any CPU
		Release|Any CPU = Release|Any CPU
	EndGlobalSection
	GlobalSection(ProjectConfigurationPlatforms) = postSolution
		{976352FB-7560-4435-B55A-EF90A3853982}.Debug|Any CPU.ActiveCfg = Debug|Any CPU
		{976352FB-7560-4435-B55A-EF90A3853982}.Debug|Any CPU.Build.0 = Debug|Any CPU
		{976352FB-7560-4435-B55A-EF90A3853982}.Release|Any CPU.ActiveCfg = Release|Any CPU
		{976352FB-7560-4435-B55A-EF90A3853982}.Release|Any CPU.Build.0 = Release|Any CPU
		{3A280BA1-7FCA-4A87-8F18-6F35BA928023}.Debug|Any CPU.ActiveCfg = Debug|Any CPU
		{3A280BA1-7FCA-4A87-8F18-6F35BA928023}.Debug|Any CPU.Build.0 = Debug|Any CPU
		{3A280BA1-7FCA-4A87-8F18-6F35BA928023}.Release|Any CPU.ActiveCfg = Release|Any CPU
		{3A280BA1-7FCA-4A87-8F18-6F35BA928023}.Release|Any CPU.Build.0 = Release|Any CPU
		{18FCEF95-6DA2-4B68-80C5-039BBEB6548F}.Debug|Any CPU.ActiveCfg = Debug|Any CPU
		{18FCEF95-6DA2-4B68-80C5-039BBEB6548F}.Debug|Any CPU.Build.0 = Debug|Any CPU
		{18FCEF95-6DA2-4B68-80C5-039BBEB6548F}.Release|Any CPU.ActiveCfg = Release|Any CPU
		{18FCEF95-6DA2-4B68-80C5-039BBEB6548F}.Release|Any CPU.Build.0 = Release|Any CPU
		{171197DB-C16E-4681-9E56-21700FE5DC2C}.Debug|Any CPU.ActiveCfg = Debug|Any CPU
		{171197DB-C16E-4681-9E56-21700FE5DC2C}.Debug|Any CPU.Build.0 = Debug|Any CPU
		{171197DB-C16E-4681-9E56-21700FE5DC2C}.Release|Any CPU.ActiveCfg = Release|Any CPU
		{171197DB-C16E-4681-9E56-21700FE5DC2C}.Release|Any CPU.Build.0 = Release|Any CPU
		{8F9AD2D6-66E7-4394-8A72-95A082010CA6}.Debug|Any CPU.ActiveCfg = Debug|Any CPU
		{8F9AD2D6-66E7-4394-8A72-95A082010CA6}.Debug|Any CPU.Build.0 = Debug|Any CPU
		{8F9AD2D6-66E7-4394-8A72-95A082010CA6}.Release|Any CPU.ActiveCfg = Release|Any CPU
		{8F9AD2D6-66E7-4394-8A72-95A082010CA6}.Release|Any CPU.Build.0 = Release|Any CPU
		{1260CD37-A361-4A3C-99A6-E3377D728F0E}.Debug|Any CPU.ActiveCfg = Debug|Any CPU
		{1260CD37-A361-4A3C-99A6-E3377D728F0E}.Debug|Any CPU.Build.0 = Debug|Any CPU
		{1260CD37-A361-4A3C-99A6-E3377D728F0E}.Release|Any CPU.ActiveCfg = Release|Any CPU
		{1260CD37-A361-4A3C-99A6-E3377D728F0E}.Release|Any CPU.Build.0 = Release|Any CPU
	EndGlobalSection
EndGlobal
